
Microsoft Visual Studio Solution File, Format Version 12.00
# Visual Studio Version 17
VisualStudioVersion = 17.11.35312.102
MinimumVisualStudioVersion = 10.0.40219.1
Project("{FAE04EC0-301F-11D3-BF4B-00C04F79EFBC}") = "Questtraining24", "Questtraining24\Questtraining24.csproj", "{565B455C-7C80-4931-B4BC-6793F8A649D0}"
EndProject
Project("{2150E333-8FDC-42A3-9474-1A3956D46DE8}") = "Day1", "Day1", "{86F58FEF-CEA4-4244-805B-C36E678E8389}"
EndProject
Project("{FAE04EC0-301F-11D3-BF4B-00C04F79EFBC}") = "Day1quest1", "Day1quest1\Day1quest1.csproj", "{E1663254-9AEC-4AC9-8FFB-23C0C6CBB19D}"
EndProject
Project("{2150E333-8FDC-42A3-9474-1A3956D46DE8}") = "Day4", "Day4", "{14C04A93-BEAC-4F47-A27D-CBC5396435C7}"
EndProject
Project("{FAE04EC0-301F-11D3-BF4B-00C04F79EFBC}") = "Day4sum", "Day4sum\Day4sum.csproj", "{40C6C667-4F8A-4C33-9AE9-1E844CEC99A2}"
EndProject
Project("{FAE04EC0-301F-11D3-BF4B-00C04F79EFBC}") = "Day4Calculator", "Day4Calculator\Day4Calculator.csproj", "{17C465BE-CAF2-4528-889B-3741C6F99FEE}"
EndProject
Project("{FAE04EC0-301F-11D3-BF4B-00C04F79EFBC}") = "Day4stringupper", "Day4stringupper\Day4stringupper.csproj", "{977DFD25-6E16-4982-AF75-7FFD8B747C60}"
EndProject
Project("{FAE04EC0-301F-11D3-BF4B-00C04F79EFBC}") = "Day4stringcontain", "Day4stringcontain\Day4stringcontain.csproj", "{FDD23B2F-4466-41FE-842A-E329F3F04F3A}"
EndProject
Project("{FAE04EC0-301F-11D3-BF4B-00C04F79EFBC}") = "Day4stringspace", "Day4stringspace\Day4stringspace.csproj", "{F423D892-9FC9-4293-964E-75E0AEE783F3}"
EndProject
Project("{FAE04EC0-301F-11D3-BF4B-00C04F79EFBC}") = "Day4stringreplace", "Day4stringreplace\Day4stringreplace.csproj", "{32ECCDE1-780F-4DA5-9D2E-65D26FF01ED9}"
EndProject
Project("{FAE04EC0-301F-11D3-BF4B-00C04F79EFBC}") = "Day4stringoccurance", "Day4stringoccurance\Day4stringoccurance.csproj", "{955407E1-2AFD-4EE2-B919-126A0018C862}"
EndProject
Project("{FAE04EC0-301F-11D3-BF4B-00C04F79EFBC}") = "Day4pallindrome", "Day4pallindrome\Day4pallindrome.csproj", "{FC2B2C82-5726-401B-AE9F-B7E8CCD69FB5}"
EndProject
Project("{FAE04EC0-301F-11D3-BF4B-00C04F79EFBC}") = "Day4stringformat", "Day4stringformat\Day4stringformat.csproj", "{A8A5F575-3206-463E-BFFF-D2864A23D054}"
EndProject
Project("{FAE04EC0-301F-11D3-BF4B-00C04F79EFBC}") = "lowtoup", "lowtoup\lowtoup.csproj", "{D98C0BBD-7396-431E-BF1D-D1403B2C3ACB}"
EndProject
Project("{FAE04EC0-301F-11D3-BF4B-00C04F79EFBC}") = "Day4pyramid", "Day4pyramid\Day4pyramid.csproj", "{BF2A5943-E4CD-40BF-B999-41CE478DE29C}"
EndProject
Project("{2150E333-8FDC-42A3-9474-1A3956D46DE8}") = "Day3", "Day3", "{EE28A4F6-0426-408E-9315-1066162251D0}"
EndProject
Project("{FAE04EC0-301F-11D3-BF4B-00C04F79EFBC}") = "Day3nullablearray", "Day3nullablearray\Day3nullablearray.csproj", "{F46D1B8D-D9E4-4F9A-B984-62DB9D5DAAEF}"
EndProject
Project("{FAE04EC0-301F-11D3-BF4B-00C04F79EFBC}") = "Day3arrayresize", "Day3arrayresize\Day3arrayresize.csproj", "{D9D2A9FE-72AC-4CD5-9DC0-DD08ED7666D2}"
EndProject
Project("{FAE04EC0-301F-11D3-BF4B-00C04F79EFBC}") = "Day4stringfunction", "Day4stringfunction\Day4stringfunction.csproj", "{AFEAF852-39FE-409E-B079-A587C4545976}"
EndProject
Global
	GlobalSection(SolutionConfigurationPlatforms) = preSolution
		Debug|Any CPU = Debug|Any CPU
		Release|Any CPU = Release|Any CPU
	EndGlobalSection
	GlobalSection(ProjectConfigurationPlatforms) = postSolution
		{565B455C-7C80-4931-B4BC-6793F8A649D0}.Debug|Any CPU.ActiveCfg = Debug|Any CPU
		{565B455C-7C80-4931-B4BC-6793F8A649D0}.Debug|Any CPU.Build.0 = Debug|Any CPU
		{565B455C-7C80-4931-B4BC-6793F8A649D0}.Release|Any CPU.ActiveCfg = Release|Any CPU
		{565B455C-7C80-4931-B4BC-6793F8A649D0}.Release|Any CPU.Build.0 = Release|Any CPU
		{E1663254-9AEC-4AC9-8FFB-23C0C6CBB19D}.Debug|Any CPU.ActiveCfg = Debug|Any CPU
		{E1663254-9AEC-4AC9-8FFB-23C0C6CBB19D}.Debug|Any CPU.Build.0 = Debug|Any CPU
		{E1663254-9AEC-4AC9-8FFB-23C0C6CBB19D}.Release|Any CPU.ActiveCfg = Release|Any CPU
		{E1663254-9AEC-4AC9-8FFB-23C0C6CBB19D}.Release|Any CPU.Build.0 = Release|Any CPU
		{40C6C667-4F8A-4C33-9AE9-1E844CEC99A2}.Debug|Any CPU.ActiveCfg = Debug|Any CPU
		{40C6C667-4F8A-4C33-9AE9-1E844CEC99A2}.Debug|Any CPU.Build.0 = Debug|Any CPU
		{40C6C667-4F8A-4C33-9AE9-1E844CEC99A2}.Release|Any CPU.ActiveCfg = Release|Any CPU
		{40C6C667-4F8A-4C33-9AE9-1E844CEC99A2}.Release|Any CPU.Build.0 = Release|Any CPU
		{17C465BE-CAF2-4528-889B-3741C6F99FEE}.Debug|Any CPU.ActiveCfg = Debug|Any CPU
		{17C465BE-CAF2-4528-889B-3741C6F99FEE}.Debug|Any CPU.Build.0 = Debug|Any CPU
		{17C465BE-CAF2-4528-889B-3741C6F99FEE}.Release|Any CPU.ActiveCfg = Release|Any CPU
		{17C465BE-CAF2-4528-889B-3741C6F99FEE}.Release|Any CPU.Build.0 = Release|Any CPU
		{977DFD25-6E16-4982-AF75-7FFD8B747C60}.Debug|Any CPU.ActiveCfg = Debug|Any CPU
		{977DFD25-6E16-4982-AF75-7FFD8B747C60}.Debug|Any CPU.Build.0 = Debug|Any CPU
		{977DFD25-6E16-4982-AF75-7FFD8B747C60}.Release|Any CPU.ActiveCfg = Release|Any CPU
		{977DFD25-6E16-4982-AF75-7FFD8B747C60}.Release|Any CPU.Build.0 = Release|Any CPU
		{FDD23B2F-4466-41FE-842A-E329F3F04F3A}.Debug|Any CPU.ActiveCfg = Debug|Any CPU
		{FDD23B2F-4466-41FE-842A-E329F3F04F3A}.Debug|Any CPU.Build.0 = Debug|Any CPU
		{FDD23B2F-4466-41FE-842A-E329F3F04F3A}.Release|Any CPU.ActiveCfg = Release|Any CPU
		{FDD23B2F-4466-41FE-842A-E329F3F04F3A}.Release|Any CPU.Build.0 = Release|Any CPU
		{F423D892-9FC9-4293-964E-75E0AEE783F3}.Debug|Any CPU.ActiveCfg = Debug|Any CPU
		{F423D892-9FC9-4293-964E-75E0AEE783F3}.Debug|Any CPU.Build.0 = Debug|Any CPU
		{F423D892-9FC9-4293-964E-75E0AEE783F3}.Release|Any CPU.ActiveCfg = Release|Any CPU
		{F423D892-9FC9-4293-964E-75E0AEE783F3}.Release|Any CPU.Build.0 = Release|Any CPU
		{32ECCDE1-780F-4DA5-9D2E-65D26FF01ED9}.Debug|Any CPU.ActiveCfg = Debug|Any CPU
		{32ECCDE1-780F-4DA5-9D2E-65D26FF01ED9}.Debug|Any CPU.Build.0 = Debug|Any CPU
		{32ECCDE1-780F-4DA5-9D2E-65D26FF01ED9}.Release|Any CPU.ActiveCfg = Release|Any CPU
		{32ECCDE1-780F-4DA5-9D2E-65D26FF01ED9}.Release|Any CPU.Build.0 = Release|Any CPU
		{955407E1-2AFD-4EE2-B919-126A0018C862}.Debug|Any CPU.ActiveCfg = Debug|Any CPU
		{955407E1-2AFD-4EE2-B919-126A0018C862}.Debug|Any CPU.Build.0 = Debug|Any CPU
		{955407E1-2AFD-4EE2-B919-126A0018C862}.Release|Any CPU.ActiveCfg = Release|Any CPU
		{955407E1-2AFD-4EE2-B919-126A0018C862}.Release|Any CPU.Build.0 = Release|Any CPU
		{FC2B2C82-5726-401B-AE9F-B7E8CCD69FB5}.Debug|Any CPU.ActiveCfg = Debug|Any CPU
		{FC2B2C82-5726-401B-AE9F-B7E8CCD69FB5}.Debug|Any CPU.Build.0 = Debug|Any CPU
		{FC2B2C82-5726-401B-AE9F-B7E8CCD69FB5}.Release|Any CPU.ActiveCfg = Release|Any CPU
		{FC2B2C82-5726-401B-AE9F-B7E8CCD69FB5}.Release|Any CPU.Build.0 = Release|Any CPU
		{A8A5F575-3206-463E-BFFF-D2864A23D054}.Debug|Any CPU.ActiveCfg = Debug|Any CPU
		{A8A5F575-3206-463E-BFFF-D2864A23D054}.Debug|Any CPU.Build.0 = Debug|Any CPU
		{A8A5F575-3206-463E-BFFF-D2864A23D054}.Release|Any CPU.ActiveCfg = Release|Any CPU
		{A8A5F575-3206-463E-BFFF-D2864A23D054}.Release|Any CPU.Build.0 = Release|Any CPU
		{D98C0BBD-7396-431E-BF1D-D1403B2C3ACB}.Debug|Any CPU.ActiveCfg = Debug|Any CPU
		{D98C0BBD-7396-431E-BF1D-D1403B2C3ACB}.Debug|Any CPU.Build.0 = Debug|Any CPU
		{D98C0BBD-7396-431E-BF1D-D1403B2C3ACB}.Release|Any CPU.ActiveCfg = Release|Any CPU
		{D98C0BBD-7396-431E-BF1D-D1403B2C3ACB}.Release|Any CPU.Build.0 = Release|Any CPU
		{BF2A5943-E4CD-40BF-B999-41CE478DE29C}.Debug|Any CPU.ActiveCfg = Debug|Any CPU
		{BF2A5943-E4CD-40BF-B999-41CE478DE29C}.Debug|Any CPU.Build.0 = Debug|Any CPU
		{BF2A5943-E4CD-40BF-B999-41CE478DE29C}.Release|Any CPU.ActiveCfg = Release|Any CPU
		{BF2A5943-E4CD-40BF-B999-41CE478DE29C}.Release|Any CPU.Build.0 = Release|Any CPU
		{F46D1B8D-D9E4-4F9A-B984-62DB9D5DAAEF}.Debug|Any CPU.ActiveCfg = Debug|Any CPU
		{F46D1B8D-D9E4-4F9A-B984-62DB9D5DAAEF}.Debug|Any CPU.Build.0 = Debug|Any CPU
		{F46D1B8D-D9E4-4F9A-B984-62DB9D5DAAEF}.Release|Any CPU.ActiveCfg = Release|Any CPU
		{F46D1B8D-D9E4-4F9A-B984-62DB9D5DAAEF}.Release|Any CPU.Build.0 = Release|Any CPU
		{D9D2A9FE-72AC-4CD5-9DC0-DD08ED7666D2}.Debug|Any CPU.ActiveCfg = Debug|Any CPU
		{D9D2A9FE-72AC-4CD5-9DC0-DD08ED7666D2}.Debug|Any CPU.Build.0 = Debug|Any CPU
		{D9D2A9FE-72AC-4CD5-9DC0-DD08ED7666D2}.Release|Any CPU.ActiveCfg = Release|Any CPU
		{D9D2A9FE-72AC-4CD5-9DC0-DD08ED7666D2}.Release|Any CPU.Build.0 = Release|Any CPU
		{AFEAF852-39FE-409E-B079-A587C4545976}.Debug|Any CPU.ActiveCfg = Debug|Any CPU
		{AFEAF852-39FE-409E-B079-A587C4545976}.Debug|Any CPU.Build.0 = Debug|Any CPU
		{AFEAF852-39FE-409E-B079-A587C4545976}.Release|Any CPU.ActiveCfg = Release|Any CPU
		{AFEAF852-39FE-409E-B079-A587C4545976}.Release|Any CPU.Build.0 = Release|Any CPU
	EndGlobalSection
	GlobalSection(SolutionProperties) = preSolution
		HideSolutionNode = FALSE
	EndGlobalSection
	GlobalSection(NestedProjects) = preSolution
		{E1663254-9AEC-4AC9-8FFB-23C0C6CBB19D} = {86F58FEF-CEA4-4244-805B-C36E678E8389}
		{40C6C667-4F8A-4C33-9AE9-1E844CEC99A2} = {14C04A93-BEAC-4F47-A27D-CBC5396435C7}
		{17C465BE-CAF2-4528-889B-3741C6F99FEE} = {14C04A93-BEAC-4F47-A27D-CBC5396435C7}
		{977DFD25-6E16-4982-AF75-7FFD8B747C60} = {14C04A93-BEAC-4F47-A27D-CBC5396435C7}
		{FDD23B2F-4466-41FE-842A-E329F3F04F3A} = {14C04A93-BEAC-4F47-A27D-CBC5396435C7}
		{F423D892-9FC9-4293-964E-75E0AEE783F3} = {14C04A93-BEAC-4F47-A27D-CBC5396435C7}
		{32ECCDE1-780F-4DA5-9D2E-65D26FF01ED9} = {14C04A93-BEAC-4F47-A27D-CBC5396435C7}
		{955407E1-2AFD-4EE2-B919-126A0018C862} = {14C04A93-BEAC-4F47-A27D-CBC5396435C7}
		{FC2B2C82-5726-401B-AE9F-B7E8CCD69FB5} = {14C04A93-BEAC-4F47-A27D-CBC5396435C7}
		{A8A5F575-3206-463E-BFFF-D2864A23D054} = {14C04A93-BEAC-4F47-A27D-CBC5396435C7}
		{D98C0BBD-7396-431E-BF1D-D1403B2C3ACB} = {14C04A93-BEAC-4F47-A27D-CBC5396435C7}
		{BF2A5943-E4CD-40BF-B999-41CE478DE29C} = {14C04A93-BEAC-4F47-A27D-CBC5396435C7}
		{F46D1B8D-D9E4-4F9A-B984-62DB9D5DAAEF} = {EE28A4F6-0426-408E-9315-1066162251D0}
		{D9D2A9FE-72AC-4CD5-9DC0-DD08ED7666D2} = {EE28A4F6-0426-408E-9315-1066162251D0}
		{AFEAF852-39FE-409E-B079-A587C4545976} = {EE28A4F6-0426-408E-9315-1066162251D0}
	EndGlobalSection
	GlobalSection(ExtensibilityGlobals) = postSolution
		SolutionGuid = {DAB5CF38-8D46-4EBA-87A0-731ACC7EF535}
	EndGlobalSection
EndGlobal
