
Microsoft Visual Studio Solution File, Format Version 12.00
# Visual Studio Version 17
VisualStudioVersion = 17.11.35312.102
MinimumVisualStudioVersion = 10.0.40219.1
Project("{FAE04EC0-301F-11D3-BF4B-00C04F79EFBC}") = "Questtraining24", "Questtraining24\Questtraining24.csproj", "{565B455C-7C80-4931-B4BC-6793F8A649D0}"
EndProject
Project("{2150E333-8FDC-42A3-9474-1A3956D46DE8}") = "Day1", "Day1", "{86F58FEF-CEA4-4244-805B-C36E678E8389}"
EndProject
Project("{FAE04EC0-301F-11D3-BF4B-00C04F79EFBC}") = "Day1quest1", "Day1quest1\Day1quest1.csproj", "{E1663254-9AEC-4AC9-8FFB-23C0C6CBB19D}"
EndProject
Project("{2150E333-8FDC-42A3-9474-1A3956D46DE8}") = "Day4", "Day4", "{14C04A93-BEAC-4F47-A27D-CBC5396435C7}"
EndProject
Project("{FAE04EC0-301F-11D3-BF4B-00C04F79EFBC}") = "Day4sum", "Day4sum\Day4sum.csproj", "{40C6C667-4F8A-4C33-9AE9-1E844CEC99A2}"
EndProject
Project("{FAE04EC0-301F-11D3-BF4B-00C04F79EFBC}") = "Day4Calculator", "Day4Calculator\Day4Calculator.csproj", "{17C465BE-CAF2-4528-889B-3741C6F99FEE}"
EndProject
Project("{FAE04EC0-301F-11D3-BF4B-00C04F79EFBC}") = "Day4stringupper", "Day4stringupper\Day4stringupper.csproj", "{977DFD25-6E16-4982-AF75-7FFD8B747C60}"
EndProject
Project("{FAE04EC0-301F-11D3-BF4B-00C04F79EFBC}") = "Day4stringcontain", "Day4stringcontain\Day4stringcontain.csproj", "{FDD23B2F-4466-41FE-842A-E329F3F04F3A}"
EndProject
Project("{FAE04EC0-301F-11D3-BF4B-00C04F79EFBC}") = "Day4stringspace", "Day4stringspace\Day4stringspace.csproj", "{F423D892-9FC9-4293-964E-75E0AEE783F3}"
EndProject
Project("{FAE04EC0-301F-11D3-BF4B-00C04F79EFBC}") = "Day4stringreplace", "Day4stringreplace\Day4stringreplace.csproj", "{32ECCDE1-780F-4DA5-9D2E-65D26FF01ED9}"
EndProject
Project("{FAE04EC0-301F-11D3-BF4B-00C04F79EFBC}") = "Day4stringoccurance", "Day4stringoccurance\Day4stringoccurance.csproj", "{955407E1-2AFD-4EE2-B919-126A0018C862}"
EndProject
Project("{FAE04EC0-301F-11D3-BF4B-00C04F79EFBC}") = "Day4pallindrome", "Day4pallindrome\Day4pallindrome.csproj", "{FC2B2C82-5726-401B-AE9F-B7E8CCD69FB5}"
EndProject
Project("{FAE04EC0-301F-11D3-BF4B-00C04F79EFBC}") = "Day4stringformat", "Day4stringformat\Day4stringformat.csproj", "{A8A5F575-3206-463E-BFFF-D2864A23D054}"
EndProject
Project("{FAE04EC0-301F-11D3-BF4B-00C04F79EFBC}") = "lowtoup", "lowtoup\lowtoup.csproj", "{D98C0BBD-7396-431E-BF1D-D1403B2C3ACB}"
EndProject
Project("{FAE04EC0-301F-11D3-BF4B-00C04F79EFBC}") = "Day4pyramid", "Day4pyramid\Day4pyramid.csproj", "{BF2A5943-E4CD-40BF-B999-41CE478DE29C}"
EndProject
Project("{2150E333-8FDC-42A3-9474-1A3956D46DE8}") = "Day3", "Day3", "{EE28A4F6-0426-408E-9315-1066162251D0}"
EndProject
Project("{FAE04EC0-301F-11D3-BF4B-00C04F79EFBC}") = "Day3nullablearray", "Day3nullablearray\Day3nullablearray.csproj", "{F46D1B8D-D9E4-4F9A-B984-62DB9D5DAAEF}"
EndProject
Project("{FAE04EC0-301F-11D3-BF4B-00C04F79EFBC}") = "Day3arrayresize", "Day3arrayresize\Day3arrayresize.csproj", "{D9D2A9FE-72AC-4CD5-9DC0-DD08ED7666D2}"
EndProject
Project("{FAE04EC0-301F-11D3-BF4B-00C04F79EFBC}") = "Day4stringfunction", "Day4stringfunction\Day4stringfunction.csproj", "{AFEAF852-39FE-409E-B079-A587C4545976}"
EndProject
Project("{FAE04EC0-301F-11D3-BF4B-00C04F79EFBC}") = "Day4numbertoword", "Day4numbertoword\Day4numbertoword.csproj", "{66EA15E9-A4AB-4998-8137-3B63C3BD7D2D}"
EndProject
Project("{FAE04EC0-301F-11D3-BF4B-00C04F79EFBC}") = "Day3centreconstarrayrevrese", "Day3centreconstarrayrevrese\Day3centreconstarrayrevrese.csproj", "{601D1B3A-DF92-4A9D-B509-4B02EBE87E04}"
EndProject
Project("{FAE04EC0-301F-11D3-BF4B-00C04F79EFBC}") = "Day3evenarrayrev", "Day3evenarrayrev\Day3evenarrayrev.csproj", "{1B0DFC36-B734-49B6-951A-8D939F0774C9}"
EndProject
Project("{2150E333-8FDC-42A3-9474-1A3956D46DE8}") = "Day5", "Day5", "{9469D99C-38EF-4C4C-80D8-8F9C77EC1724}"
EndProject
Project("{FAE04EC0-301F-11D3-BF4B-00C04F79EFBC}") = "Day5namespace", "Day5namespace\Day5namespace.csproj", "{177F5F3A-B7DE-4249-9F8B-0A5C742BAE97}"
EndProject
Project("{FAE04EC0-301F-11D3-BF4B-00C04F79EFBC}") = "Day5dateandtime", "Day5dateandtime\Day5dateandtime.csproj", "{45D8E75E-2922-4EE5-A279-3209C9657618}"
EndProject
Project("{FAE04EC0-301F-11D3-BF4B-00C04F79EFBC}") = "Day5age", "Day5age\Day5age.csproj", "{E4B6EB58-DB73-4931-9184-55373440944F}"
EndProject
Project("{FAE04EC0-301F-11D3-BF4B-00C04F79EFBC}") = "Day5obj", "Day5obj\Day5obj.csproj", "{CA8D04F0-6D07-4D11-8314-A713A2A3A066}"
EndProject
Project("{FAE04EC0-301F-11D3-BF4B-00C04F79EFBC}") = "Day5listdatatype", "Day5listdatatype\Day5listdatatype.csproj", "{689BF507-BC11-42E7-9BA3-9EF870DB5F70}"
EndProject
Project("{FAE04EC0-301F-11D3-BF4B-00C04F79EFBC}") = "Day5removeeven", "Day5removeeven\Day5removeeven.csproj", "{4ABB79CE-4C20-4A71-9A9D-4895232BE325}"
EndProject
Project("{FAE04EC0-301F-11D3-BF4B-00C04F79EFBC}") = "Day5addstudentwith3", "Day5addstudentwith3\Day5addstudentwith3.csproj", "{6220DBA5-E63D-4EC1-AAA3-AD24F6285023}"
EndProject
Project("{FAE04EC0-301F-11D3-BF4B-00C04F79EFBC}") = "Day5arrayoflist", "Day5arrayoflist\Day5arrayoflist.csproj", "{C8DBD7C2-B117-4E40-8A4C-383DFC819D3F}"
EndProject
Project("{FAE04EC0-301F-11D3-BF4B-00C04F79EFBC}") = "Day5nestedlist", "Day5nestedlist\Day5nestedlist.csproj", "{826EFA18-DC19-4088-A4AC-A6F36A4663F9}"
EndProject
Project("{FAE04EC0-301F-11D3-BF4B-00C04F79EFBC}") = "Day5dictionary", "Day5dictionary\Day5dictionary.csproj", "{EAC0EE66-6604-4960-8212-6895D31A76B5}"
EndProject
Project("{FAE04EC0-301F-11D3-BF4B-00C04F79EFBC}") = "Day5dictioaryoflist", "Day5dictioaryoflist\Day5dictioaryoflist.csproj", "{C6802F75-2888-4C10-BB6C-DCA335BC6E19}"
EndProject
Project("{2150E333-8FDC-42A3-9474-1A3956D46DE8}") = "Day8", "Day8", "{D357D64A-FD91-4565-B9B0-2AF082DC163D}"
EndProject
Project("{FAE04EC0-301F-11D3-BF4B-00C04F79EFBC}") = "Day8hospitalmanagement", "Day8sample\Day8hospitalmanagement.csproj", "{1D0A51CE-6DB7-43B1-AB0F-ADAF63D2612A}"
EndProject
Project("{FAE04EC0-301F-11D3-BF4B-00C04F79EFBC}") = "Day8inventorymanagement", "Day8inventorymanagement\Day8inventorymanagement.csproj", "{FDDC2B50-81E6-4C94-BCAF-B41E5BF98060}"
EndProject
Project("{FAE04EC0-301F-11D3-BF4B-00C04F79EFBC}") = "Day8boxing", "new\Day8boxing.csproj", "{32BC2C16-5428-4934-8D7B-50E72DFF3237}"
EndProject
Project("{FAE04EC0-301F-11D3-BF4B-00C04F79EFBC}") = "Day8resizearray", "Day8resizearray\Day8resizearray.csproj", "{78DEE289-F67F-49BB-A96B-749988043010}"
EndProject
Project("{2150E333-8FDC-42A3-9474-1A3956D46DE8}") = "Day9", "Day9", "{E76B6179-F576-4E71-A74E-05F7B95EC1F1}"
EndProject
Project("{FAE04EC0-301F-11D3-BF4B-00C04F79EFBC}") = "Day9qs1", "Day9qs1\Day9qs1.csproj", "{ADF449C1-39FA-49C6-AD17-A908D0A0217C}"
EndProject
Project("{FAE04EC0-301F-11D3-BF4B-00C04F79EFBC}") = "machinecode1", "Assesmant1\machinecode1\machinecode1.csproj", "{FE602C9B-4895-4D52-83C1-F0A7EFD0B007}"
EndProject
Project("{2150E333-8FDC-42A3-9474-1A3956D46DE8}") = "Day10", "Day10", "{7E09BBAE-8961-448C-91F9-FDBD3BF9771A}"
EndProject
Project("{FAE04EC0-301F-11D3-BF4B-00C04F79EFBC}") = "Day10classintro", "Day10classintro\Day10classintro.csproj", "{1E536238-7805-417B-B6FB-C869D66D5E70}"
EndProject
Project("{FAE04EC0-301F-11D3-BF4B-00C04F79EFBC}") = "Day10qs2", "Day10qs2\Day10qs2.csproj", "{C977F491-0526-491B-AA59-A21EEC8D9F6F}"
EndProject
Project("{FAE04EC0-301F-11D3-BF4B-00C04F79EFBC}") = "Day10qs3", "Day10qs3\Day10qs3.csproj", "{C1956159-9D42-4772-95FA-4752C349E1A0}"
EndProject
Project("{FAE04EC0-301F-11D3-BF4B-00C04F79EFBC}") = "Day10qs4", "Day10qs4\Day10qs4.csproj", "{5ED4F412-E745-4A25-9289-76BDA959E532}"
EndProject
Project("{FAE04EC0-301F-11D3-BF4B-00C04F79EFBC}") = "Day10calculator", "Day10calculator\Day10calculator.csproj", "{79AABD22-FC20-4F79-A8F1-5C57422E8180}"
EndProject
Project("{FAE04EC0-301F-11D3-BF4B-00C04F79EFBC}") = "Day10manyclass", "Day10manyclass\Day10manyclass.csproj", "{01AC2636-3F4E-4CD1-A065-CE89DC57C57A}"
EndProject
Project("{FAE04EC0-301F-11D3-BF4B-00C04F79EFBC}") = "Day10credit", "Day10credit\Day10credit.csproj", "{1FF3FF90-FB38-41D7-859D-881B72549653}"
EndProject
Project("{FAE04EC0-301F-11D3-BF4B-00C04F79EFBC}") = "Day10aiignment1", "Day10aiignment1\Day10aiignment1.csproj", "{99091E33-BB27-4897-85DC-F4616F7F6F53}"
EndProject
Global
	GlobalSection(SolutionConfigurationPlatforms) = preSolution
		Debug|Any CPU = Debug|Any CPU
		Release|Any CPU = Release|Any CPU
	EndGlobalSection
	GlobalSection(ProjectConfigurationPlatforms) = postSolution
		{565B455C-7C80-4931-B4BC-6793F8A649D0}.Debug|Any CPU.ActiveCfg = Debug|Any CPU
		{565B455C-7C80-4931-B4BC-6793F8A649D0}.Debug|Any CPU.Build.0 = Debug|Any CPU
		{565B455C-7C80-4931-B4BC-6793F8A649D0}.Release|Any CPU.ActiveCfg = Release|Any CPU
		{565B455C-7C80-4931-B4BC-6793F8A649D0}.Release|Any CPU.Build.0 = Release|Any CPU
		{E1663254-9AEC-4AC9-8FFB-23C0C6CBB19D}.Debug|Any CPU.ActiveCfg = Debug|Any CPU
		{E1663254-9AEC-4AC9-8FFB-23C0C6CBB19D}.Debug|Any CPU.Build.0 = Debug|Any CPU
		{E1663254-9AEC-4AC9-8FFB-23C0C6CBB19D}.Release|Any CPU.ActiveCfg = Release|Any CPU
		{E1663254-9AEC-4AC9-8FFB-23C0C6CBB19D}.Release|Any CPU.Build.0 = Release|Any CPU
		{40C6C667-4F8A-4C33-9AE9-1E844CEC99A2}.Debug|Any CPU.ActiveCfg = Debug|Any CPU
		{40C6C667-4F8A-4C33-9AE9-1E844CEC99A2}.Debug|Any CPU.Build.0 = Debug|Any CPU
		{40C6C667-4F8A-4C33-9AE9-1E844CEC99A2}.Release|Any CPU.ActiveCfg = Release|Any CPU
		{40C6C667-4F8A-4C33-9AE9-1E844CEC99A2}.Release|Any CPU.Build.0 = Release|Any CPU
		{17C465BE-CAF2-4528-889B-3741C6F99FEE}.Debug|Any CPU.ActiveCfg = Debug|Any CPU
		{17C465BE-CAF2-4528-889B-3741C6F99FEE}.Debug|Any CPU.Build.0 = Debug|Any CPU
		{17C465BE-CAF2-4528-889B-3741C6F99FEE}.Release|Any CPU.ActiveCfg = Release|Any CPU
		{17C465BE-CAF2-4528-889B-3741C6F99FEE}.Release|Any CPU.Build.0 = Release|Any CPU
		{977DFD25-6E16-4982-AF75-7FFD8B747C60}.Debug|Any CPU.ActiveCfg = Debug|Any CPU
		{977DFD25-6E16-4982-AF75-7FFD8B747C60}.Debug|Any CPU.Build.0 = Debug|Any CPU
		{977DFD25-6E16-4982-AF75-7FFD8B747C60}.Release|Any CPU.ActiveCfg = Release|Any CPU
		{977DFD25-6E16-4982-AF75-7FFD8B747C60}.Release|Any CPU.Build.0 = Release|Any CPU
		{FDD23B2F-4466-41FE-842A-E329F3F04F3A}.Debug|Any CPU.ActiveCfg = Debug|Any CPU
		{FDD23B2F-4466-41FE-842A-E329F3F04F3A}.Debug|Any CPU.Build.0 = Debug|Any CPU
		{FDD23B2F-4466-41FE-842A-E329F3F04F3A}.Release|Any CPU.ActiveCfg = Release|Any CPU
		{FDD23B2F-4466-41FE-842A-E329F3F04F3A}.Release|Any CPU.Build.0 = Release|Any CPU
		{F423D892-9FC9-4293-964E-75E0AEE783F3}.Debug|Any CPU.ActiveCfg = Debug|Any CPU
		{F423D892-9FC9-4293-964E-75E0AEE783F3}.Debug|Any CPU.Build.0 = Debug|Any CPU
		{F423D892-9FC9-4293-964E-75E0AEE783F3}.Release|Any CPU.ActiveCfg = Release|Any CPU
		{F423D892-9FC9-4293-964E-75E0AEE783F3}.Release|Any CPU.Build.0 = Release|Any CPU
		{32ECCDE1-780F-4DA5-9D2E-65D26FF01ED9}.Debug|Any CPU.ActiveCfg = Debug|Any CPU
		{32ECCDE1-780F-4DA5-9D2E-65D26FF01ED9}.Debug|Any CPU.Build.0 = Debug|Any CPU
		{32ECCDE1-780F-4DA5-9D2E-65D26FF01ED9}.Release|Any CPU.ActiveCfg = Release|Any CPU
		{32ECCDE1-780F-4DA5-9D2E-65D26FF01ED9}.Release|Any CPU.Build.0 = Release|Any CPU
		{955407E1-2AFD-4EE2-B919-126A0018C862}.Debug|Any CPU.ActiveCfg = Debug|Any CPU
		{955407E1-2AFD-4EE2-B919-126A0018C862}.Debug|Any CPU.Build.0 = Debug|Any CPU
		{955407E1-2AFD-4EE2-B919-126A0018C862}.Release|Any CPU.ActiveCfg = Release|Any CPU
		{955407E1-2AFD-4EE2-B919-126A0018C862}.Release|Any CPU.Build.0 = Release|Any CPU
		{FC2B2C82-5726-401B-AE9F-B7E8CCD69FB5}.Debug|Any CPU.ActiveCfg = Debug|Any CPU
		{FC2B2C82-5726-401B-AE9F-B7E8CCD69FB5}.Debug|Any CPU.Build.0 = Debug|Any CPU
		{FC2B2C82-5726-401B-AE9F-B7E8CCD69FB5}.Release|Any CPU.ActiveCfg = Release|Any CPU
		{FC2B2C82-5726-401B-AE9F-B7E8CCD69FB5}.Release|Any CPU.Build.0 = Release|Any CPU
		{A8A5F575-3206-463E-BFFF-D2864A23D054}.Debug|Any CPU.ActiveCfg = Debug|Any CPU
		{A8A5F575-3206-463E-BFFF-D2864A23D054}.Debug|Any CPU.Build.0 = Debug|Any CPU
		{A8A5F575-3206-463E-BFFF-D2864A23D054}.Release|Any CPU.ActiveCfg = Release|Any CPU
		{A8A5F575-3206-463E-BFFF-D2864A23D054}.Release|Any CPU.Build.0 = Release|Any CPU
		{D98C0BBD-7396-431E-BF1D-D1403B2C3ACB}.Debug|Any CPU.ActiveCfg = Debug|Any CPU
		{D98C0BBD-7396-431E-BF1D-D1403B2C3ACB}.Debug|Any CPU.Build.0 = Debug|Any CPU
		{D98C0BBD-7396-431E-BF1D-D1403B2C3ACB}.Release|Any CPU.ActiveCfg = Release|Any CPU
		{D98C0BBD-7396-431E-BF1D-D1403B2C3ACB}.Release|Any CPU.Build.0 = Release|Any CPU
		{BF2A5943-E4CD-40BF-B999-41CE478DE29C}.Debug|Any CPU.ActiveCfg = Debug|Any CPU
		{BF2A5943-E4CD-40BF-B999-41CE478DE29C}.Debug|Any CPU.Build.0 = Debug|Any CPU
		{BF2A5943-E4CD-40BF-B999-41CE478DE29C}.Release|Any CPU.ActiveCfg = Release|Any CPU
		{BF2A5943-E4CD-40BF-B999-41CE478DE29C}.Release|Any CPU.Build.0 = Release|Any CPU
		{F46D1B8D-D9E4-4F9A-B984-62DB9D5DAAEF}.Debug|Any CPU.ActiveCfg = Debug|Any CPU
		{F46D1B8D-D9E4-4F9A-B984-62DB9D5DAAEF}.Debug|Any CPU.Build.0 = Debug|Any CPU
		{F46D1B8D-D9E4-4F9A-B984-62DB9D5DAAEF}.Release|Any CPU.ActiveCfg = Release|Any CPU
		{F46D1B8D-D9E4-4F9A-B984-62DB9D5DAAEF}.Release|Any CPU.Build.0 = Release|Any CPU
		{D9D2A9FE-72AC-4CD5-9DC0-DD08ED7666D2}.Debug|Any CPU.ActiveCfg = Debug|Any CPU
		{D9D2A9FE-72AC-4CD5-9DC0-DD08ED7666D2}.Debug|Any CPU.Build.0 = Debug|Any CPU
		{D9D2A9FE-72AC-4CD5-9DC0-DD08ED7666D2}.Release|Any CPU.ActiveCfg = Release|Any CPU
		{D9D2A9FE-72AC-4CD5-9DC0-DD08ED7666D2}.Release|Any CPU.Build.0 = Release|Any CPU
		{AFEAF852-39FE-409E-B079-A587C4545976}.Debug|Any CPU.ActiveCfg = Debug|Any CPU
		{AFEAF852-39FE-409E-B079-A587C4545976}.Debug|Any CPU.Build.0 = Debug|Any CPU
		{AFEAF852-39FE-409E-B079-A587C4545976}.Release|Any CPU.ActiveCfg = Release|Any CPU
		{AFEAF852-39FE-409E-B079-A587C4545976}.Release|Any CPU.Build.0 = Release|Any CPU
		{66EA15E9-A4AB-4998-8137-3B63C3BD7D2D}.Debug|Any CPU.ActiveCfg = Debug|Any CPU
		{66EA15E9-A4AB-4998-8137-3B63C3BD7D2D}.Debug|Any CPU.Build.0 = Debug|Any CPU
		{66EA15E9-A4AB-4998-8137-3B63C3BD7D2D}.Release|Any CPU.ActiveCfg = Release|Any CPU
		{66EA15E9-A4AB-4998-8137-3B63C3BD7D2D}.Release|Any CPU.Build.0 = Release|Any CPU
		{601D1B3A-DF92-4A9D-B509-4B02EBE87E04}.Debug|Any CPU.ActiveCfg = Debug|Any CPU
		{601D1B3A-DF92-4A9D-B509-4B02EBE87E04}.Debug|Any CPU.Build.0 = Debug|Any CPU
		{601D1B3A-DF92-4A9D-B509-4B02EBE87E04}.Release|Any CPU.ActiveCfg = Release|Any CPU
		{601D1B3A-DF92-4A9D-B509-4B02EBE87E04}.Release|Any CPU.Build.0 = Release|Any CPU
		{1B0DFC36-B734-49B6-951A-8D939F0774C9}.Debug|Any CPU.ActiveCfg = Debug|Any CPU
		{1B0DFC36-B734-49B6-951A-8D939F0774C9}.Debug|Any CPU.Build.0 = Debug|Any CPU
		{1B0DFC36-B734-49B6-951A-8D939F0774C9}.Release|Any CPU.ActiveCfg = Release|Any CPU
		{1B0DFC36-B734-49B6-951A-8D939F0774C9}.Release|Any CPU.Build.0 = Release|Any CPU
		{177F5F3A-B7DE-4249-9F8B-0A5C742BAE97}.Debug|Any CPU.ActiveCfg = Debug|Any CPU
		{177F5F3A-B7DE-4249-9F8B-0A5C742BAE97}.Debug|Any CPU.Build.0 = Debug|Any CPU
		{177F5F3A-B7DE-4249-9F8B-0A5C742BAE97}.Release|Any CPU.ActiveCfg = Release|Any CPU
		{177F5F3A-B7DE-4249-9F8B-0A5C742BAE97}.Release|Any CPU.Build.0 = Release|Any CPU
		{45D8E75E-2922-4EE5-A279-3209C9657618}.Debug|Any CPU.ActiveCfg = Debug|Any CPU
		{45D8E75E-2922-4EE5-A279-3209C9657618}.Debug|Any CPU.Build.0 = Debug|Any CPU
		{45D8E75E-2922-4EE5-A279-3209C9657618}.Release|Any CPU.ActiveCfg = Release|Any CPU
		{45D8E75E-2922-4EE5-A279-3209C9657618}.Release|Any CPU.Build.0 = Release|Any CPU
		{E4B6EB58-DB73-4931-9184-55373440944F}.Debug|Any CPU.ActiveCfg = Debug|Any CPU
		{E4B6EB58-DB73-4931-9184-55373440944F}.Debug|Any CPU.Build.0 = Debug|Any CPU
		{E4B6EB58-DB73-4931-9184-55373440944F}.Release|Any CPU.ActiveCfg = Release|Any CPU
		{E4B6EB58-DB73-4931-9184-55373440944F}.Release|Any CPU.Build.0 = Release|Any CPU
		{CA8D04F0-6D07-4D11-8314-A713A2A3A066}.Debug|Any CPU.ActiveCfg = Debug|Any CPU
		{CA8D04F0-6D07-4D11-8314-A713A2A3A066}.Debug|Any CPU.Build.0 = Debug|Any CPU
		{CA8D04F0-6D07-4D11-8314-A713A2A3A066}.Release|Any CPU.ActiveCfg = Release|Any CPU
		{CA8D04F0-6D07-4D11-8314-A713A2A3A066}.Release|Any CPU.Build.0 = Release|Any CPU
		{689BF507-BC11-42E7-9BA3-9EF870DB5F70}.Debug|Any CPU.ActiveCfg = Debug|Any CPU
		{689BF507-BC11-42E7-9BA3-9EF870DB5F70}.Debug|Any CPU.Build.0 = Debug|Any CPU
		{689BF507-BC11-42E7-9BA3-9EF870DB5F70}.Release|Any CPU.ActiveCfg = Release|Any CPU
		{689BF507-BC11-42E7-9BA3-9EF870DB5F70}.Release|Any CPU.Build.0 = Release|Any CPU
		{4ABB79CE-4C20-4A71-9A9D-4895232BE325}.Debug|Any CPU.ActiveCfg = Debug|Any CPU
		{4ABB79CE-4C20-4A71-9A9D-4895232BE325}.Debug|Any CPU.Build.0 = Debug|Any CPU
		{4ABB79CE-4C20-4A71-9A9D-4895232BE325}.Release|Any CPU.ActiveCfg = Release|Any CPU
		{4ABB79CE-4C20-4A71-9A9D-4895232BE325}.Release|Any CPU.Build.0 = Release|Any CPU
		{6220DBA5-E63D-4EC1-AAA3-AD24F6285023}.Debug|Any CPU.ActiveCfg = Debug|Any CPU
		{6220DBA5-E63D-4EC1-AAA3-AD24F6285023}.Debug|Any CPU.Build.0 = Debug|Any CPU
		{6220DBA5-E63D-4EC1-AAA3-AD24F6285023}.Release|Any CPU.ActiveCfg = Release|Any CPU
		{6220DBA5-E63D-4EC1-AAA3-AD24F6285023}.Release|Any CPU.Build.0 = Release|Any CPU
		{C8DBD7C2-B117-4E40-8A4C-383DFC819D3F}.Debug|Any CPU.ActiveCfg = Debug|Any CPU
		{C8DBD7C2-B117-4E40-8A4C-383DFC819D3F}.Debug|Any CPU.Build.0 = Debug|Any CPU
		{C8DBD7C2-B117-4E40-8A4C-383DFC819D3F}.Release|Any CPU.ActiveCfg = Release|Any CPU
		{C8DBD7C2-B117-4E40-8A4C-383DFC819D3F}.Release|Any CPU.Build.0 = Release|Any CPU
		{826EFA18-DC19-4088-A4AC-A6F36A4663F9}.Debug|Any CPU.ActiveCfg = Debug|Any CPU
		{826EFA18-DC19-4088-A4AC-A6F36A4663F9}.Debug|Any CPU.Build.0 = Debug|Any CPU
		{826EFA18-DC19-4088-A4AC-A6F36A4663F9}.Release|Any CPU.ActiveCfg = Release|Any CPU
		{826EFA18-DC19-4088-A4AC-A6F36A4663F9}.Release|Any CPU.Build.0 = Release|Any CPU
		{EAC0EE66-6604-4960-8212-6895D31A76B5}.Debug|Any CPU.ActiveCfg = Debug|Any CPU
		{EAC0EE66-6604-4960-8212-6895D31A76B5}.Debug|Any CPU.Build.0 = Debug|Any CPU
		{EAC0EE66-6604-4960-8212-6895D31A76B5}.Release|Any CPU.ActiveCfg = Release|Any CPU
		{EAC0EE66-6604-4960-8212-6895D31A76B5}.Release|Any CPU.Build.0 = Release|Any CPU
		{C6802F75-2888-4C10-BB6C-DCA335BC6E19}.Debug|Any CPU.ActiveCfg = Debug|Any CPU
		{C6802F75-2888-4C10-BB6C-DCA335BC6E19}.Debug|Any CPU.Build.0 = Debug|Any CPU
		{C6802F75-2888-4C10-BB6C-DCA335BC6E19}.Release|Any CPU.ActiveCfg = Release|Any CPU
		{C6802F75-2888-4C10-BB6C-DCA335BC6E19}.Release|Any CPU.Build.0 = Release|Any CPU
		{1D0A51CE-6DB7-43B1-AB0F-ADAF63D2612A}.Debug|Any CPU.ActiveCfg = Debug|Any CPU
		{1D0A51CE-6DB7-43B1-AB0F-ADAF63D2612A}.Debug|Any CPU.Build.0 = Debug|Any CPU
		{1D0A51CE-6DB7-43B1-AB0F-ADAF63D2612A}.Release|Any CPU.ActiveCfg = Release|Any CPU
		{1D0A51CE-6DB7-43B1-AB0F-ADAF63D2612A}.Release|Any CPU.Build.0 = Release|Any CPU
		{FDDC2B50-81E6-4C94-BCAF-B41E5BF98060}.Debug|Any CPU.ActiveCfg = Debug|Any CPU
		{FDDC2B50-81E6-4C94-BCAF-B41E5BF98060}.Debug|Any CPU.Build.0 = Debug|Any CPU
		{FDDC2B50-81E6-4C94-BCAF-B41E5BF98060}.Release|Any CPU.ActiveCfg = Release|Any CPU
		{FDDC2B50-81E6-4C94-BCAF-B41E5BF98060}.Release|Any CPU.Build.0 = Release|Any CPU
		{32BC2C16-5428-4934-8D7B-50E72DFF3237}.Debug|Any CPU.ActiveCfg = Debug|Any CPU
		{32BC2C16-5428-4934-8D7B-50E72DFF3237}.Debug|Any CPU.Build.0 = Debug|Any CPU
		{32BC2C16-5428-4934-8D7B-50E72DFF3237}.Release|Any CPU.ActiveCfg = Release|Any CPU
		{32BC2C16-5428-4934-8D7B-50E72DFF3237}.Release|Any CPU.Build.0 = Release|Any CPU
		{78DEE289-F67F-49BB-A96B-749988043010}.Debug|Any CPU.ActiveCfg = Debug|Any CPU
		{78DEE289-F67F-49BB-A96B-749988043010}.Debug|Any CPU.Build.0 = Debug|Any CPU
		{78DEE289-F67F-49BB-A96B-749988043010}.Release|Any CPU.ActiveCfg = Release|Any CPU
		{78DEE289-F67F-49BB-A96B-749988043010}.Release|Any CPU.Build.0 = Release|Any CPU
		{ADF449C1-39FA-49C6-AD17-A908D0A0217C}.Debug|Any CPU.ActiveCfg = Debug|Any CPU
		{ADF449C1-39FA-49C6-AD17-A908D0A0217C}.Debug|Any CPU.Build.0 = Debug|Any CPU
		{ADF449C1-39FA-49C6-AD17-A908D0A0217C}.Release|Any CPU.ActiveCfg = Release|Any CPU
		{ADF449C1-39FA-49C6-AD17-A908D0A0217C}.Release|Any CPU.Build.0 = Release|Any CPU
		{FE602C9B-4895-4D52-83C1-F0A7EFD0B007}.Debug|Any CPU.ActiveCfg = Debug|Any CPU
		{FE602C9B-4895-4D52-83C1-F0A7EFD0B007}.Debug|Any CPU.Build.0 = Debug|Any CPU
		{FE602C9B-4895-4D52-83C1-F0A7EFD0B007}.Release|Any CPU.ActiveCfg = Release|Any CPU
		{FE602C9B-4895-4D52-83C1-F0A7EFD0B007}.Release|Any CPU.Build.0 = Release|Any CPU
		{1E536238-7805-417B-B6FB-C869D66D5E70}.Debug|Any CPU.ActiveCfg = Debug|Any CPU
		{1E536238-7805-417B-B6FB-C869D66D5E70}.Debug|Any CPU.Build.0 = Debug|Any CPU
		{1E536238-7805-417B-B6FB-C869D66D5E70}.Release|Any CPU.ActiveCfg = Release|Any CPU
		{1E536238-7805-417B-B6FB-C869D66D5E70}.Release|Any CPU.Build.0 = Release|Any CPU
		{C977F491-0526-491B-AA59-A21EEC8D9F6F}.Debug|Any CPU.ActiveCfg = Debug|Any CPU
		{C977F491-0526-491B-AA59-A21EEC8D9F6F}.Debug|Any CPU.Build.0 = Debug|Any CPU
		{C977F491-0526-491B-AA59-A21EEC8D9F6F}.Release|Any CPU.ActiveCfg = Release|Any CPU
		{C977F491-0526-491B-AA59-A21EEC8D9F6F}.Release|Any CPU.Build.0 = Release|Any CPU
		{C1956159-9D42-4772-95FA-4752C349E1A0}.Debug|Any CPU.ActiveCfg = Debug|Any CPU
		{C1956159-9D42-4772-95FA-4752C349E1A0}.Debug|Any CPU.Build.0 = Debug|Any CPU
		{C1956159-9D42-4772-95FA-4752C349E1A0}.Release|Any CPU.ActiveCfg = Release|Any CPU
		{C1956159-9D42-4772-95FA-4752C349E1A0}.Release|Any CPU.Build.0 = Release|Any CPU
		{5ED4F412-E745-4A25-9289-76BDA959E532}.Debug|Any CPU.ActiveCfg = Debug|Any CPU
		{5ED4F412-E745-4A25-9289-76BDA959E532}.Debug|Any CPU.Build.0 = Debug|Any CPU
		{5ED4F412-E745-4A25-9289-76BDA959E532}.Release|Any CPU.ActiveCfg = Release|Any CPU
		{5ED4F412-E745-4A25-9289-76BDA959E532}.Release|Any CPU.Build.0 = Release|Any CPU
		{79AABD22-FC20-4F79-A8F1-5C57422E8180}.Debug|Any CPU.ActiveCfg = Debug|Any CPU
		{79AABD22-FC20-4F79-A8F1-5C57422E8180}.Debug|Any CPU.Build.0 = Debug|Any CPU
		{79AABD22-FC20-4F79-A8F1-5C57422E8180}.Release|Any CPU.ActiveCfg = Release|Any CPU
		{79AABD22-FC20-4F79-A8F1-5C57422E8180}.Release|Any CPU.Build.0 = Release|Any CPU
		{01AC2636-3F4E-4CD1-A065-CE89DC57C57A}.Debug|Any CPU.ActiveCfg = Debug|Any CPU
		{01AC2636-3F4E-4CD1-A065-CE89DC57C57A}.Debug|Any CPU.Build.0 = Debug|Any CPU
		{01AC2636-3F4E-4CD1-A065-CE89DC57C57A}.Release|Any CPU.ActiveCfg = Release|Any CPU
		{01AC2636-3F4E-4CD1-A065-CE89DC57C57A}.Release|Any CPU.Build.0 = Release|Any CPU
		{1FF3FF90-FB38-41D7-859D-881B72549653}.Debug|Any CPU.ActiveCfg = Debug|Any CPU
		{1FF3FF90-FB38-41D7-859D-881B72549653}.Debug|Any CPU.Build.0 = Debug|Any CPU
		{1FF3FF90-FB38-41D7-859D-881B72549653}.Release|Any CPU.ActiveCfg = Release|Any CPU
		{1FF3FF90-FB38-41D7-859D-881B72549653}.Release|Any CPU.Build.0 = Release|Any CPU
		{99091E33-BB27-4897-85DC-F4616F7F6F53}.Debug|Any CPU.ActiveCfg = Debug|Any CPU
		{99091E33-BB27-4897-85DC-F4616F7F6F53}.Debug|Any CPU.Build.0 = Debug|Any CPU
		{99091E33-BB27-4897-85DC-F4616F7F6F53}.Release|Any CPU.ActiveCfg = Release|Any CPU
		{99091E33-BB27-4897-85DC-F4616F7F6F53}.Release|Any CPU.Build.0 = Release|Any CPU
	EndGlobalSection
	GlobalSection(SolutionProperties) = preSolution
		HideSolutionNode = FALSE
	EndGlobalSection
	GlobalSection(NestedProjects) = preSolution
		{E1663254-9AEC-4AC9-8FFB-23C0C6CBB19D} = {86F58FEF-CEA4-4244-805B-C36E678E8389}
		{40C6C667-4F8A-4C33-9AE9-1E844CEC99A2} = {14C04A93-BEAC-4F47-A27D-CBC5396435C7}
		{17C465BE-CAF2-4528-889B-3741C6F99FEE} = {14C04A93-BEAC-4F47-A27D-CBC5396435C7}
		{977DFD25-6E16-4982-AF75-7FFD8B747C60} = {14C04A93-BEAC-4F47-A27D-CBC5396435C7}
		{FDD23B2F-4466-41FE-842A-E329F3F04F3A} = {14C04A93-BEAC-4F47-A27D-CBC5396435C7}
		{F423D892-9FC9-4293-964E-75E0AEE783F3} = {14C04A93-BEAC-4F47-A27D-CBC5396435C7}
		{32ECCDE1-780F-4DA5-9D2E-65D26FF01ED9} = {14C04A93-BEAC-4F47-A27D-CBC5396435C7}
		{955407E1-2AFD-4EE2-B919-126A0018C862} = {14C04A93-BEAC-4F47-A27D-CBC5396435C7}
		{FC2B2C82-5726-401B-AE9F-B7E8CCD69FB5} = {14C04A93-BEAC-4F47-A27D-CBC5396435C7}
		{A8A5F575-3206-463E-BFFF-D2864A23D054} = {14C04A93-BEAC-4F47-A27D-CBC5396435C7}
		{D98C0BBD-7396-431E-BF1D-D1403B2C3ACB} = {14C04A93-BEAC-4F47-A27D-CBC5396435C7}
		{BF2A5943-E4CD-40BF-B999-41CE478DE29C} = {14C04A93-BEAC-4F47-A27D-CBC5396435C7}
		{F46D1B8D-D9E4-4F9A-B984-62DB9D5DAAEF} = {EE28A4F6-0426-408E-9315-1066162251D0}
		{D9D2A9FE-72AC-4CD5-9DC0-DD08ED7666D2} = {EE28A4F6-0426-408E-9315-1066162251D0}
		{AFEAF852-39FE-409E-B079-A587C4545976} = {EE28A4F6-0426-408E-9315-1066162251D0}
		{66EA15E9-A4AB-4998-8137-3B63C3BD7D2D} = {14C04A93-BEAC-4F47-A27D-CBC5396435C7}
		{601D1B3A-DF92-4A9D-B509-4B02EBE87E04} = {EE28A4F6-0426-408E-9315-1066162251D0}
		{1B0DFC36-B734-49B6-951A-8D939F0774C9} = {EE28A4F6-0426-408E-9315-1066162251D0}
		{177F5F3A-B7DE-4249-9F8B-0A5C742BAE97} = {9469D99C-38EF-4C4C-80D8-8F9C77EC1724}
		{45D8E75E-2922-4EE5-A279-3209C9657618} = {9469D99C-38EF-4C4C-80D8-8F9C77EC1724}
		{E4B6EB58-DB73-4931-9184-55373440944F} = {9469D99C-38EF-4C4C-80D8-8F9C77EC1724}
		{CA8D04F0-6D07-4D11-8314-A713A2A3A066} = {9469D99C-38EF-4C4C-80D8-8F9C77EC1724}
		{689BF507-BC11-42E7-9BA3-9EF870DB5F70} = {9469D99C-38EF-4C4C-80D8-8F9C77EC1724}
		{4ABB79CE-4C20-4A71-9A9D-4895232BE325} = {9469D99C-38EF-4C4C-80D8-8F9C77EC1724}
		{6220DBA5-E63D-4EC1-AAA3-AD24F6285023} = {9469D99C-38EF-4C4C-80D8-8F9C77EC1724}
		{C8DBD7C2-B117-4E40-8A4C-383DFC819D3F} = {9469D99C-38EF-4C4C-80D8-8F9C77EC1724}
		{826EFA18-DC19-4088-A4AC-A6F36A4663F9} = {9469D99C-38EF-4C4C-80D8-8F9C77EC1724}
		{EAC0EE66-6604-4960-8212-6895D31A76B5} = {9469D99C-38EF-4C4C-80D8-8F9C77EC1724}
		{C6802F75-2888-4C10-BB6C-DCA335BC6E19} = {9469D99C-38EF-4C4C-80D8-8F9C77EC1724}
		{1D0A51CE-6DB7-43B1-AB0F-ADAF63D2612A} = {D357D64A-FD91-4565-B9B0-2AF082DC163D}
		{FDDC2B50-81E6-4C94-BCAF-B41E5BF98060} = {D357D64A-FD91-4565-B9B0-2AF082DC163D}
		{32BC2C16-5428-4934-8D7B-50E72DFF3237} = {D357D64A-FD91-4565-B9B0-2AF082DC163D}
		{78DEE289-F67F-49BB-A96B-749988043010} = {D357D64A-FD91-4565-B9B0-2AF082DC163D}
		{ADF449C1-39FA-49C6-AD17-A908D0A0217C} = {E76B6179-F576-4E71-A74E-05F7B95EC1F1}
		{1E536238-7805-417B-B6FB-C869D66D5E70} = {7E09BBAE-8961-448C-91F9-FDBD3BF9771A}
		{C977F491-0526-491B-AA59-A21EEC8D9F6F} = {7E09BBAE-8961-448C-91F9-FDBD3BF9771A}
		{C1956159-9D42-4772-95FA-4752C349E1A0} = {7E09BBAE-8961-448C-91F9-FDBD3BF9771A}
		{5ED4F412-E745-4A25-9289-76BDA959E532} = {7E09BBAE-8961-448C-91F9-FDBD3BF9771A}
		{79AABD22-FC20-4F79-A8F1-5C57422E8180} = {7E09BBAE-8961-448C-91F9-FDBD3BF9771A}
		{01AC2636-3F4E-4CD1-A065-CE89DC57C57A} = {7E09BBAE-8961-448C-91F9-FDBD3BF9771A}
		{1FF3FF90-FB38-41D7-859D-881B72549653} = {7E09BBAE-8961-448C-91F9-FDBD3BF9771A}
	EndGlobalSection
	GlobalSection(ExtensibilityGlobals) = postSolution
		SolutionGuid = {DAB5CF38-8D46-4EBA-87A0-731ACC7EF535}
	EndGlobalSection
EndGlobal
